
Microsoft Visual Studio Solution File, Format Version 12.00
# Visual Studio Version 16
VisualStudioVersion = 25.0.1706.8
MinimumVisualStudioVersion = 10.0.40219.1
Project("{FAE04EC0-301F-11D3-BF4B-00C04F79EFBC}") = "app", "src\app\app.csproj", "{1226E9AB-C7F8-41F1-AF3A-3E080E83159F}"
EndProject
Project("{FAE04EC0-301F-11D3-BF4B-00C04F79EFBC}") = "lib", "src\lib\lib.csproj", "{B3F69FD1-E61D-434D-B9AE-EB8B8607B466}"
EndProject
Global
	GlobalSection(SolutionConfigurationPlatforms) = preSolution
		Debug|Any CPU = Debug|Any CPU
		Release|Any CPU = Release|Any CPU
	EndGlobalSection
	GlobalSection(ProjectConfigurationPlatforms) = postSolution
		{1226E9AB-C7F8-41F1-AF3A-3E080E83159F}.Debug|Any CPU.ActiveCfg = Debug|Any CPU
		{1226E9AB-C7F8-41F1-AF3A-3E080E83159F}.Debug|Any CPU.Build.0 = Debug|Any CPU
		{1226E9AB-C7F8-41F1-AF3A-3E080E83159F}.Release|Any CPU.ActiveCfg = Release|Any CPU
		{1226E9AB-C7F8-41F1-AF3A-3E080E83159F}.Release|Any CPU.Build.0 = Release|Any CPU
		{B3F69FD1-E61D-434D-B9AE-EB8B8607B466}.Debug|Any CPU.ActiveCfg = Debug|Any CPU
		{B3F69FD1-E61D-434D-B9AE-EB8B8607B466}.Debug|Any CPU.Build.0 = Debug|Any CPU
		{B3F69FD1-E61D-434D-B9AE-EB8B8607B466}.Release|Any CPU.ActiveCfg = Release|Any CPU
		{B3F69FD1-E61D-434D-B9AE-EB8B8607B466}.Release|Any CPU.Build.0 = Release|Any CPU
	EndGlobalSection
	GlobalSection(SolutionProperties) = preSolution
		HideSolutionNode = FALSE
	EndGlobalSection
	GlobalSection(ExtensibilityGlobals) = postSolution
		SolutionGuid = {3EA9289F-E347-483A-A1AC-68F1A15279D7}
	EndGlobalSection
EndGlobal
